
Microsoft Visual Studio Solution File, Format Version 12.00
# Visual Studio Version 17
VisualStudioVersion = 17.0.31903.59
MinimumVisualStudioVersion = 10.0.40219.1
Project("{2150E333-8FDC-42A3-9474-1A3956D46DE8}") = "src", "src", "{0F400239-4FC7-4A56-A1BE-553ECB4EA55E}"
EndProject
Project("{2150E333-8FDC-42A3-9474-1A3956D46DE8}") = "Common", "Common", "{63B9A93A-AD4D-42C6-9A80-68853FAC4913}"
EndProject
Project("{2150E333-8FDC-42A3-9474-1A3956D46DE8}") = "src", "src", "{7E3A2C1E-1F3A-4E8C-BC0C-1BDE761BD6A1}"
EndProject
Project("{2150E333-8FDC-42A3-9474-1A3956D46DE8}") = "Core", "Core", "{B914CEC7-6239-4369-9856-CCE13DF2C897}"
EndProject
Project("{2150E333-8FDC-42A3-9474-1A3956D46DE8}") = "src", "src", "{FE52B15F-09C2-4D8A-952A-3ACB8C449EAA}"
EndProject
Project("{FAE04EC0-301F-11D3-BF4B-00C04F79EFBC}") = "Pieces.Os.Core", "src\Core\src\Pieces.Os.Core\Pieces.Os.Core.csproj", "{1A8FDEC6-95A1-4AFD-9211-DE311EF1B429}"
EndProject
Project("{FAE04EC0-301F-11D3-BF4B-00C04F79EFBC}") = "Pieces.Os.Core.Test", "src\Core\src\Pieces.Os.Core.Test\Pieces.Os.Core.Test.csproj", "{15767DC5-A2E1-45FB-A7A8-914E7C9A5C9E}"
EndProject
Project("{FAE04EC0-301F-11D3-BF4B-00C04F79EFBC}") = "Pieces.OS.Client", "src\Client\Pieces.OS.Client.csproj", "{7B7F08A9-0F79-4902-8461-7EC8CC0637ED}"
EndProject
Project("{FAE04EC0-301F-11D3-BF4B-00C04F79EFBC}") = "Pieces.OS.Example", "src\Example\Pieces.OS.Example.csproj", "{9B392DE8-CC81-4B68-AF1F-64909DA5B9CF}"
EndProject
Global
	GlobalSection(SolutionConfigurationPlatforms) = preSolution
		Debug|Any CPU = Debug|Any CPU
		Release|Any CPU = Release|Any CPU
	EndGlobalSection
	GlobalSection(SolutionProperties) = preSolution
		HideSolutionNode = FALSE
	EndGlobalSection
	GlobalSection(ProjectConfigurationPlatforms) = postSolution
		{1A8FDEC6-95A1-4AFD-9211-DE311EF1B429}.Debug|Any CPU.ActiveCfg = Debug|Any CPU
		{1A8FDEC6-95A1-4AFD-9211-DE311EF1B429}.Debug|Any CPU.Build.0 = Debug|Any CPU
		{1A8FDEC6-95A1-4AFD-9211-DE311EF1B429}.Release|Any CPU.ActiveCfg = Release|Any CPU
		{1A8FDEC6-95A1-4AFD-9211-DE311EF1B429}.Release|Any CPU.Build.0 = Release|Any CPU
		{15767DC5-A2E1-45FB-A7A8-914E7C9A5C9E}.Debug|Any CPU.ActiveCfg = Debug|Any CPU
		{15767DC5-A2E1-45FB-A7A8-914E7C9A5C9E}.Debug|Any CPU.Build.0 = Debug|Any CPU
		{15767DC5-A2E1-45FB-A7A8-914E7C9A5C9E}.Release|Any CPU.ActiveCfg = Release|Any CPU
		{15767DC5-A2E1-45FB-A7A8-914E7C9A5C9E}.Release|Any CPU.Build.0 = Release|Any CPU
		{7B7F08A9-0F79-4902-8461-7EC8CC0637ED}.Debug|Any CPU.ActiveCfg = Debug|Any CPU
		{7B7F08A9-0F79-4902-8461-7EC8CC0637ED}.Debug|Any CPU.Build.0 = Debug|Any CPU
		{7B7F08A9-0F79-4902-8461-7EC8CC0637ED}.Release|Any CPU.ActiveCfg = Release|Any CPU
		{7B7F08A9-0F79-4902-8461-7EC8CC0637ED}.Release|Any CPU.Build.0 = Release|Any CPU
		{9B392DE8-CC81-4B68-AF1F-64909DA5B9CF}.Debug|Any CPU.ActiveCfg = Debug|Any CPU
		{9B392DE8-CC81-4B68-AF1F-64909DA5B9CF}.Debug|Any CPU.Build.0 = Debug|Any CPU
		{9B392DE8-CC81-4B68-AF1F-64909DA5B9CF}.Release|Any CPU.ActiveCfg = Release|Any CPU
		{9B392DE8-CC81-4B68-AF1F-64909DA5B9CF}.Release|Any CPU.Build.0 = Release|Any CPU
	EndGlobalSection
	GlobalSection(NestedProjects) = preSolution
		{63B9A93A-AD4D-42C6-9A80-68853FAC4913} = {0F400239-4FC7-4A56-A1BE-553ECB4EA55E}
		{7E3A2C1E-1F3A-4E8C-BC0C-1BDE761BD6A1} = {63B9A93A-AD4D-42C6-9A80-68853FAC4913}
		{B914CEC7-6239-4369-9856-CCE13DF2C897} = {0F400239-4FC7-4A56-A1BE-553ECB4EA55E}
		{FE52B15F-09C2-4D8A-952A-3ACB8C449EAA} = {B914CEC7-6239-4369-9856-CCE13DF2C897}
		{1A8FDEC6-95A1-4AFD-9211-DE311EF1B429} = {FE52B15F-09C2-4D8A-952A-3ACB8C449EAA}
		{15767DC5-A2E1-45FB-A7A8-914E7C9A5C9E} = {FE52B15F-09C2-4D8A-952A-3ACB8C449EAA}
		{7B7F08A9-0F79-4902-8461-7EC8CC0637ED} = {0F400239-4FC7-4A56-A1BE-553ECB4EA55E}
		{9B392DE8-CC81-4B68-AF1F-64909DA5B9CF} = {0F400239-4FC7-4A56-A1BE-553ECB4EA55E}
	EndGlobalSection
EndGlobal
